
Microsoft Visual Studio Solution File, Format Version 12.00
# Visual Studio Version 16
VisualStudioVersion = 16.0.30413.136
MinimumVisualStudioVersion = 10.0.40219.1
Project("{FAE04EC0-301F-11D3-BF4B-00C04F79EFBC}") = "LunchroomLibrary", "LunchroomLibrary\LunchroomLibrary.csproj", "{C3F6371F-2BAD-4C50-835C-D22EEDAFCF3B}"
EndProject
Project("{FAE04EC0-301F-11D3-BF4B-00C04F79EFBC}") = "ConsoleApp1", "ConsoleApp1\ConsoleApp1.csproj", "{6E053EF2-EB73-48FE-A09D-6D5C47F0E2A9}"
EndProject
Global
	GlobalSection(SolutionConfigurationPlatforms) = preSolution
		Debug|Any CPU = Debug|Any CPU
		Release|Any CPU = Release|Any CPU
	EndGlobalSection
	GlobalSection(ProjectConfigurationPlatforms) = postSolution
		{C3F6371F-2BAD-4C50-835C-D22EEDAFCF3B}.Debug|Any CPU.ActiveCfg = Debug|Any CPU
		{C3F6371F-2BAD-4C50-835C-D22EEDAFCF3B}.Debug|Any CPU.Build.0 = Debug|Any CPU
		{C3F6371F-2BAD-4C50-835C-D22EEDAFCF3B}.Release|Any CPU.ActiveCfg = Release|Any CPU
		{C3F6371F-2BAD-4C50-835C-D22EEDAFCF3B}.Release|Any CPU.Build.0 = Release|Any CPU
		{6E053EF2-EB73-48FE-A09D-6D5C47F0E2A9}.Debug|Any CPU.ActiveCfg = Debug|Any CPU
		{6E053EF2-EB73-48FE-A09D-6D5C47F0E2A9}.Debug|Any CPU.Build.0 = Debug|Any CPU
		{6E053EF2-EB73-48FE-A09D-6D5C47F0E2A9}.Release|Any CPU.ActiveCfg = Release|Any CPU
		{6E053EF2-EB73-48FE-A09D-6D5C47F0E2A9}.Release|Any CPU.Build.0 = Release|Any CPU
	EndGlobalSection
	GlobalSection(SolutionProperties) = preSolution
		HideSolutionNode = FALSE
	EndGlobalSection
	GlobalSection(ExtensibilityGlobals) = postSolution
		SolutionGuid = {F3438408-19E1-413B-A616-1AA145A13144}
	EndGlobalSection
EndGlobal
